
Microsoft Visual Studio Solution File, Format Version 12.00
# Visual Studio Version 17
VisualStudioVersion = 17.13.35828.75
MinimumVisualStudioVersion = 10.0.40219.1
Project("{FAE04EC0-301F-11D3-BF4B-00C04F79EFBC}") = "eCommerce.API", "eCommerce.API\eCommerce.API.csproj", "{B44E0CA1-842D-4091-8336-82FE591E26B3}"
EndProject
Project("{FAE04EC0-301F-11D3-BF4B-00C04F79EFBC}") = "eCommerce.Models", "eCommerce.Models\eCommerce.Models.csproj", "{C4957FF4-74CC-47F9-BFE9-73938F524A2B}"
EndProject
Project("{FAE04EC0-301F-11D3-BF4B-00C04F79EFBC}") = "eCommerce.Console", "eCommerce.Console\eCommerce.Console.csproj", "{08BA530D-486B-4B0D-A725-57484D19DA0B}"
EndProject
Global
	GlobalSection(SolutionConfigurationPlatforms) = preSolution
		Debug|Any CPU = Debug|Any CPU
		Release|Any CPU = Release|Any CPU
	EndGlobalSection
	GlobalSection(ProjectConfigurationPlatforms) = postSolution
		{B44E0CA1-842D-4091-8336-82FE591E26B3}.Debug|Any CPU.ActiveCfg = Debug|Any CPU
		{B44E0CA1-842D-4091-8336-82FE591E26B3}.Debug|Any CPU.Build.0 = Debug|Any CPU
		{B44E0CA1-842D-4091-8336-82FE591E26B3}.Release|Any CPU.ActiveCfg = Release|Any CPU
		{B44E0CA1-842D-4091-8336-82FE591E26B3}.Release|Any CPU.Build.0 = Release|Any CPU
		{C4957FF4-74CC-47F9-BFE9-73938F524A2B}.Debug|Any CPU.ActiveCfg = Debug|Any CPU
		{C4957FF4-74CC-47F9-BFE9-73938F524A2B}.Debug|Any CPU.Build.0 = Debug|Any CPU
		{C4957FF4-74CC-47F9-BFE9-73938F524A2B}.Release|Any CPU.ActiveCfg = Release|Any CPU
		{C4957FF4-74CC-47F9-BFE9-73938F524A2B}.Release|Any CPU.Build.0 = Release|Any CPU
		{08BA530D-486B-4B0D-A725-57484D19DA0B}.Debug|Any CPU.ActiveCfg = Debug|Any CPU
		{08BA530D-486B-4B0D-A725-57484D19DA0B}.Debug|Any CPU.Build.0 = Debug|Any CPU
		{08BA530D-486B-4B0D-A725-57484D19DA0B}.Release|Any CPU.ActiveCfg = Release|Any CPU
		{08BA530D-486B-4B0D-A725-57484D19DA0B}.Release|Any CPU.Build.0 = Release|Any CPU
	EndGlobalSection
	GlobalSection(SolutionProperties) = preSolution
		HideSolutionNode = FALSE
	EndGlobalSection
	GlobalSection(ExtensibilityGlobals) = postSolution
		SolutionGuid = {C4D6E256-6F4B-47E0-BDAD-DF21D3760C85}
	EndGlobalSection
EndGlobal
